
Microsoft Visual Studio Solution File, Format Version 12.00
# Visual Studio Version 16
VisualStudioVersion = 16.0.30523.141
MinimumVisualStudioVersion = 10.0.40219.1
Project("{FAE04EC0-301F-11D3-BF4B-00C04F79EFBC}") = "RpcLibTests", "RpcLibTests\RpcLibTests.csproj", "{D22F8A0B-320E-4D7E-8122-10D16467EFB2}"
EndProject
Project("{9A19103F-16F7-4668-BE54-9A1E7A4F7556}") = "RpcLib", "..\..\RpcLib\RpcLib.csproj", "{2A1FA180-B740-4E15-81EF-527CAF0D917E}"
EndProject
Global
	GlobalSection(SolutionConfigurationPlatforms) = preSolution
		Debug|Any CPU = Debug|Any CPU
		Release|Any CPU = Release|Any CPU
	EndGlobalSection
	GlobalSection(ProjectConfigurationPlatforms) = postSolution
		{D22F8A0B-320E-4D7E-8122-10D16467EFB2}.Debug|Any CPU.ActiveCfg = Debug|Any CPU
		{D22F8A0B-320E-4D7E-8122-10D16467EFB2}.Debug|Any CPU.Build.0 = Debug|Any CPU
		{D22F8A0B-320E-4D7E-8122-10D16467EFB2}.Release|Any CPU.ActiveCfg = Release|Any CPU
		{D22F8A0B-320E-4D7E-8122-10D16467EFB2}.Release|Any CPU.Build.0 = Release|Any CPU
		{2A1FA180-B740-4E15-81EF-527CAF0D917E}.Debug|Any CPU.ActiveCfg = Debug|Any CPU
		{2A1FA180-B740-4E15-81EF-527CAF0D917E}.Debug|Any CPU.Build.0 = Debug|Any CPU
		{2A1FA180-B740-4E15-81EF-527CAF0D917E}.Release|Any CPU.ActiveCfg = Release|Any CPU
		{2A1FA180-B740-4E15-81EF-527CAF0D917E}.Release|Any CPU.Build.0 = Release|Any CPU
	EndGlobalSection
	GlobalSection(SolutionProperties) = preSolution
		HideSolutionNode = FALSE
	EndGlobalSection
	GlobalSection(ExtensibilityGlobals) = postSolution
		SolutionGuid = {D7458995-F91D-498B-8D9B-04A524E1E3D5}
	EndGlobalSection
EndGlobal
